
Microsoft Visual Studio Solution File, Format Version 12.00
# Visual Studio Version 16
VisualStudioVersion = 16.0.30709.132
MinimumVisualStudioVersion = 10.0.40219.1
Project("{8BC9CEB8-8B4A-11D0-8D11-00A0C91BC942}") = "DS_Project", "DS_Project\DS_Project.vcxproj", "{E18F58FF-E362-47E8-8023-E077896850A0}"
EndProject
Global
	GlobalSection(SolutionConfigurationPlatforms) = preSolution
		Debug|x64 = Debug|x64
		Debug|x86 = Debug|x86
		Release|x64 = Release|x64
		Release|x86 = Release|x86
	EndGlobalSection
	GlobalSection(ProjectConfigurationPlatforms) = postSolution
		{E18F58FF-E362-47E8-8023-E077896850A0}.Debug|x64.ActiveCfg = Debug|x64
		{E18F58FF-E362-47E8-8023-E077896850A0}.Debug|x64.Build.0 = Debug|x64
		{E18F58FF-E362-47E8-8023-E077896850A0}.Debug|x86.ActiveCfg = Debug|Win32
		{E18F58FF-E362-47E8-8023-E077896850A0}.Debug|x86.Build.0 = Debug|Win32
		{E18F58FF-E362-47E8-8023-E077896850A0}.Release|x64.ActiveCfg = Release|x64
		{E18F58FF-E362-47E8-8023-E077896850A0}.Release|x64.Build.0 = Release|x64
		{E18F58FF-E362-47E8-8023-E077896850A0}.Release|x86.ActiveCfg = Release|Win32
		{E18F58FF-E362-47E8-8023-E077896850A0}.Release|x86.Build.0 = Release|Win32
	EndGlobalSection
	GlobalSection(SolutionProperties) = preSolution
		HideSolutionNode = FALSE
	EndGlobalSection
	GlobalSection(ExtensibilityGlobals) = postSolution
		SolutionGuid = {0190FC5D-282F-45D9-B310-149658F368C5}
	EndGlobalSection
EndGlobal
